{
  "originHash" : "b0eb7ff6f64dab4315f76a739014987ac6e5372e93b5ffdec83e77b21f4e8521",
  "pins" : [
    {
      "identity" : "arxivkit",
      "kind" : "remoteSourceControl",
      "location" : "https://github.com/ivicamil/ArxivKit.git",
      "state" : {
        "revision" : "87daf8b0d78b9ca401b62bde0adf45bcee379018",
        "version" : "2.1.0"
      }
    },
    {
      "identity" : "swiftsoup",
      "kind" : "remoteSourceControl",
      "location" : "https://github.com/scinfu/SwiftSoup.git",
      "state" : {
        "revision" : "64e4daa41b0f22affa94a6063d509c137c26909c",
        "version" : "2.8.5"
      }
    }
  ],
  "version" : 3
}
